
Microsoft Visual Studio Solution File, Format Version 12.00
# Visual Studio Version 16
VisualStudioVersion = 16.0.33027.164
MinimumVisualStudioVersion = 10.0.40219.1
Project("{FAE04EC0-301F-11D3-BF4B-00C04F79EFBC}") = "09_1.9_4", "09_1.9_4.csproj", "{0EFA1204-DE38-4BC4-86FF-307DB5F9E66D}"
EndProject
Global
	GlobalSection(SolutionConfigurationPlatforms) = preSolution
		Debug|Any CPU = Debug|Any CPU
		Release|Any CPU = Release|Any CPU
	EndGlobalSection
	GlobalSection(ProjectConfigurationPlatforms) = postSolution
		{0EFA1204-DE38-4BC4-86FF-307DB5F9E66D}.Debug|Any CPU.ActiveCfg = Debug|Any CPU
		{0EFA1204-DE38-4BC4-86FF-307DB5F9E66D}.Debug|Any CPU.Build.0 = Debug|Any CPU
		{0EFA1204-DE38-4BC4-86FF-307DB5F9E66D}.Release|Any CPU.ActiveCfg = Release|Any CPU
		{0EFA1204-DE38-4BC4-86FF-307DB5F9E66D}.Release|Any CPU.Build.0 = Release|Any CPU
	EndGlobalSection
	GlobalSection(SolutionProperties) = preSolution
		HideSolutionNode = FALSE
	EndGlobalSection
	GlobalSection(ExtensibilityGlobals) = postSolution
		SolutionGuid = {87E95BFF-E1C0-420F-91AC-52E8C7A39303}
	EndGlobalSection
EndGlobal
